// !$*UTF8*$!
{
	archiveVersion = 1;
	classes = {
	};
	objectVersion = 56;
	objects = {

/* Begin PBXBuildFile section */
		A1000001 /* SimpleImageViewerApp.swift in Sources */ = {isa = PBXBuildFile; fileRef = A1000000 /* SimpleImageViewerApp.swift */; };
		A1000003 /* ContentView.swift in Sources */ = {isa = PBXBuildFile; fileRef = A1000002 /* ContentView.swift */; };
		A1000005 /* Assets.xcassets in Resources */ = {isa = PBXBuildFile; fileRef = A1000004 /* Assets.xcassets */; };
		A1000008 /* Preview Assets.xcassets in Resources */ = {isa = PBXBuildFile; fileRef = A1000007 /* Preview Assets.xcassets */; };
		A1000010 /* ImageFile.swift in Sources */ = {isa = PBXBuildFile; fileRef = A100000F /* ImageFile.swift */; };
		A1000012 /* FolderScanner.swift in Sources */ = {isa = PBXBuildFile; fileRef = A1000011 /* FolderScanner.swift */; };
		A1000014 /* ImageViewerViewModel.swift in Sources */ = {isa = PBXBuildFile; fileRef = A1000013 /* ImageViewerViewModel.swift */; };
		A1000016 /* ImageDisplayView.swift in Sources */ = {isa = PBXBuildFile; fileRef = A1000015 /* ImageDisplayView.swift */; };
		A1000018 /* ImageLoaderService.swift in Sources */ = {isa = PBXBuildFile; fileRef = A1000017 /* ImageLoaderService.swift */; };
		A100001A /* FileSystemService.swift in Sources */ = {isa = PBXBuildFile; fileRef = A1000019 /* FileSystemService.swift */; };
		A100001C /* PreferencesService.swift in Sources */ = {isa = PBXBuildFile; fileRef = A100001B /* PreferencesService.swift */; };
		A100002E /* ImageViewerError.swift in Sources */ = {isa = PBXBuildFile; fileRef = A100002D /* ImageViewerError.swift */; };
		A100004D /* UTType+ImageSupport.swift in Sources */ = {isa = PBXBuildFile; fileRef = A100004C /* UTType+ImageSupport.swift */; };
		A1000087 /* FolderContent.swift in Sources */ = {isa = PBXBuildFile; fileRef = A1000086 /* FolderContent.swift */; };
		A1000088 /* ImageCache.swift in Sources */ = {isa = PBXBuildFile; fileRef = A1000089 /* ImageCache.swift */; };
		A100008A /* ImageMemoryManager.swift in Sources */ = {isa = PBXBuildFile; fileRef = A100008B /* ImageMemoryManager.swift */; };
		A100008C /* logo-horizontal.svg in Resources */ = {isa = PBXBuildFile; fileRef = A100008D /* logo-horizontal.svg */; };
		A100008E /* logo-vertical.svg in Resources */ = {isa = PBXBuildFile; fileRef = A100008F /* logo-vertical.svg */; };
		A1000090 /* Bundle+Resources.swift in Sources */ = {isa = PBXBuildFile; fileRef = A1000091 /* Bundle+Resources.swift */; };
		A1000095 /* NavigationControlsView.swift in Sources */ = {isa = PBXBuildFile; fileRef = A1000092 /* NavigationControlsView.swift */; };
		A1000096 /* FolderSelectionView.swift in Sources */ = {isa = PBXBuildFile; fileRef = A1000093 /* FolderSelectionView.swift */; };
		A1000097 /* FolderSelectionViewModel.swift in Sources */ = {isa = PBXBuildFile; fileRef = A1000094 /* FolderSelectionViewModel.swift */; };
		A100009B /* PrivacyInfo.xcprivacy in Resources */ = {isa = PBXBuildFile; fileRef = A100009A /* PrivacyInfo.xcprivacy */; };
		A100009F /* ErrorDialogView.swift in Sources */ = {isa = PBXBuildFile; fileRef = A100009C /* ErrorDialogView.swift */; };
		A10000A0 /* NotificationView.swift in Sources */ = {isa = PBXBuildFile; fileRef = A100009D /* NotificationView.swift */; };
		A10000A1 /* KeyCaptureViewRepresentable.swift in Sources */ = {isa = PBXBuildFile; fileRef = A100009E /* KeyCaptureViewRepresentable.swift */; };
		A10000A4 /* AppCoordinator.swift in Sources */ = {isa = PBXBuildFile; fileRef = A10000A2 /* AppCoordinator.swift */; };
		A10000A5 /* WindowAccessor.swift in Sources */ = {isa = PBXBuildFile; fileRef = A10000A3 /* WindowAccessor.swift */; };
		A10000A6 /* AboutView.swift in Sources */ = {isa = PBXBuildFile; fileRef = A10000A7 /* AboutView.swift */; };
		A10000A8 /* SecurityScopedAccessManager.swift in Sources */ = {isa = PBXBuildFile; fileRef = A10000A9 /* SecurityScopedAccessManager.swift */; };
		FB5D39042E355791004B9D85 /* ImageMetadataService.swift in Sources */ = {isa = PBXBuildFile; fileRef = FB5D39032E355791004B9D85 /* ImageMetadataService.swift */; };
		FB5D39062E35579D004B9D85 /* AccessibilityService.swift in Sources */ = {isa = PBXBuildFile; fileRef = FB5D39052E35579D004B9D85 /* AccessibilityService.swift */; };
		FBA046082E36DBA8006F9C47 /* HelpView.swift in Sources */ = {isa = PBXBuildFile; fileRef = FBA046072E36DBA8006F9C47 /* HelpView.swift */; };
		FBA0460A2E36DC34006F9C47 /* HelpContent.swift in Sources */ = {isa = PBXBuildFile; fileRef = FBA046092E36DC34006F9C47 /* HelpContent.swift */; };
		FBC4F84D2E35215F00AE62AA /* ErrorHandlingService.swift in Sources */ = {isa = PBXBuildFile; fileRef = FBC4F84C2E35215F00AE62AA /* ErrorHandlingService.swift */; };
		FBC4F84F2E35216900AE62AA /* KeyboardHandler.swift in Sources */ = {isa = PBXBuildFile; fileRef = FBC4F84E2E35216900AE62AA /* KeyboardHandler.swift */; };
/* End PBXBuildFile section */

/* Begin PBXFileReference section */
		A0FFFFFD /* StillView - Simple Image Viewer.app */ = {isa = PBXFileReference; explicitFileType = wrapper.application; includeInIndex = 0; path = "StillView - Simple Image Viewer.app"; sourceTree = BUILT_PRODUCTS_DIR; };
		A1000000 /* SimpleImageViewerApp.swift */ = {isa = PBXFileReference; lastKnownFileType = sourcecode.swift; path = SimpleImageViewerApp.swift; sourceTree = "<group>"; };
		A1000002 /* ContentView.swift */ = {isa = PBXFileReference; lastKnownFileType = sourcecode.swift; path = ContentView.swift; sourceTree = "<group>"; };
		A1000004 /* Assets.xcassets */ = {isa = PBXFileReference; lastKnownFileType = folder.assetcatalog; path = Assets.xcassets; sourceTree = "<group>"; };
		A1000007 /* Preview Assets.xcassets */ = {isa = PBXFileReference; lastKnownFileType = folder.assetcatalog; path = "Preview Assets.xcassets"; sourceTree = "<group>"; };
		A1000009 /* Simple_Image_Viewer.entitlements */ = {isa = PBXFileReference; lastKnownFileType = text.plist.entitlements; path = Simple_Image_Viewer.entitlements; sourceTree = "<group>"; };
		A100000F /* ImageFile.swift */ = {isa = PBXFileReference; lastKnownFileType = sourcecode.swift; path = ImageFile.swift; sourceTree = "<group>"; };
		A1000011 /* FolderScanner.swift */ = {isa = PBXFileReference; lastKnownFileType = sourcecode.swift; path = FolderScanner.swift; sourceTree = "<group>"; };
		A1000013 /* ImageViewerViewModel.swift */ = {isa = PBXFileReference; lastKnownFileType = sourcecode.swift; path = ImageViewerViewModel.swift; sourceTree = "<group>"; };
		A1000015 /* ImageDisplayView.swift */ = {isa = PBXFileReference; lastKnownFileType = sourcecode.swift; path = ImageDisplayView.swift; sourceTree = "<group>"; };
		A1000017 /* ImageLoaderService.swift */ = {isa = PBXFileReference; lastKnownFileType = sourcecode.swift; path = ImageLoaderService.swift; sourceTree = "<group>"; };
		A1000019 /* FileSystemService.swift */ = {isa = PBXFileReference; lastKnownFileType = sourcecode.swift; path = FileSystemService.swift; sourceTree = "<group>"; };
		A100001B /* PreferencesService.swift */ = {isa = PBXFileReference; lastKnownFileType = sourcecode.swift; path = PreferencesService.swift; sourceTree = "<group>"; };
		A100002D /* ImageViewerError.swift */ = {isa = PBXFileReference; lastKnownFileType = sourcecode.swift; path = ImageViewerError.swift; sourceTree = "<group>"; };
		A100004C /* UTType+ImageSupport.swift */ = {isa = PBXFileReference; lastKnownFileType = sourcecode.swift; path = "UTType+ImageSupport.swift"; sourceTree = "<group>"; };
		A1000086 /* FolderContent.swift */ = {isa = PBXFileReference; lastKnownFileType = sourcecode.swift; path = FolderContent.swift; sourceTree = "<group>"; };
		A1000089 /* ImageCache.swift */ = {isa = PBXFileReference; lastKnownFileType = sourcecode.swift; path = ImageCache.swift; sourceTree = "<group>"; };
		A100008B /* ImageMemoryManager.swift */ = {isa = PBXFileReference; lastKnownFileType = sourcecode.swift; path = ImageMemoryManager.swift; sourceTree = "<group>"; };
		A100008D /* logo-horizontal.svg */ = {isa = PBXFileReference; lastKnownFileType = text.xml; path = "logo-horizontal.svg"; sourceTree = "<group>"; };
		A100008F /* logo-vertical.svg */ = {isa = PBXFileReference; lastKnownFileType = text.xml; path = "logo-vertical.svg"; sourceTree = "<group>"; };
		A1000091 /* Bundle+Resources.swift */ = {isa = PBXFileReference; lastKnownFileType = sourcecode.swift; path = "Bundle+Resources.swift"; sourceTree = "<group>"; };
		A1000092 /* NavigationControlsView.swift */ = {isa = PBXFileReference; lastKnownFileType = sourcecode.swift; path = NavigationControlsView.swift; sourceTree = "<group>"; };
		A1000093 /* FolderSelectionView.swift */ = {isa = PBXFileReference; lastKnownFileType = sourcecode.swift; path = FolderSelectionView.swift; sourceTree = "<group>"; };
		A1000094 /* FolderSelectionViewModel.swift */ = {isa = PBXFileReference; lastKnownFileType = sourcecode.swift; path = FolderSelectionViewModel.swift; sourceTree = "<group>"; };
		A100009A /* PrivacyInfo.xcprivacy */ = {isa = PBXFileReference; lastKnownFileType = text.plist.xml; path = PrivacyInfo.xcprivacy; sourceTree = "<group>"; };
		A100009C /* ErrorDialogView.swift */ = {isa = PBXFileReference; lastKnownFileType = sourcecode.swift; path = ErrorDialogView.swift; sourceTree = "<group>"; };
		A100009D /* NotificationView.swift */ = {isa = PBXFileReference; lastKnownFileType = sourcecode.swift; path = NotificationView.swift; sourceTree = "<group>"; };
		A100009E /* KeyCaptureViewRepresentable.swift */ = {isa = PBXFileReference; lastKnownFileType = sourcecode.swift; path = KeyCaptureViewRepresentable.swift; sourceTree = "<group>"; };
		A10000A2 /* AppCoordinator.swift */ = {isa = PBXFileReference; lastKnownFileType = sourcecode.swift; path = AppCoordinator.swift; sourceTree = "<group>"; };
		A10000A3 /* WindowAccessor.swift */ = {isa = PBXFileReference; lastKnownFileType = sourcecode.swift; path = WindowAccessor.swift; sourceTree = "<group>"; };
		A10000A7 /* AboutView.swift */ = {isa = PBXFileReference; lastKnownFileType = sourcecode.swift; path = AboutView.swift; sourceTree = "<group>"; };
		A10000A9 /* SecurityScopedAccessManager.swift */ = {isa = PBXFileReference; lastKnownFileType = sourcecode.swift; path = SecurityScopedAccessManager.swift; sourceTree = "<group>"; };
		FB5D39032E355791004B9D85 /* ImageMetadataService.swift */ = {isa = PBXFileReference; lastKnownFileType = sourcecode.swift; path = ImageMetadataService.swift; sourceTree = "<group>"; };
		FB5D39052E35579D004B9D85 /* AccessibilityService.swift */ = {isa = PBXFileReference; lastKnownFileType = sourcecode.swift; path = AccessibilityService.swift; sourceTree = "<group>"; };
		FBA046072E36DBA8006F9C47 /* HelpView.swift */ = {isa = PBXFileReference; lastKnownFileType = sourcecode.swift; path = HelpView.swift; sourceTree = "<group>"; };
		FBA046092E36DC34006F9C47 /* HelpContent.swift */ = {isa = PBXFileReference; lastKnownFileType = sourcecode.swift; path = HelpContent.swift; sourceTree = "<group>"; };
		FBC4F84C2E35215F00AE62AA /* ErrorHandlingService.swift */ = {isa = PBXFileReference; lastKnownFileType = sourcecode.swift; path = ErrorHandlingService.swift; sourceTree = "<group>"; };
		FBC4F84E2E35216900AE62AA /* KeyboardHandler.swift */ = {isa = PBXFileReference; lastKnownFileType = sourcecode.swift; path = KeyboardHandler.swift; sourceTree = "<group>"; };
/* End PBXFileReference section */

/* Begin PBXFrameworksBuildPhase section */
		A0FFFFFA /* Frameworks */ = {
			isa = PBXFrameworksBuildPhase;
			buildActionMask = 2147483647;
			files = (
			);
			runOnlyForDeploymentPostprocessing = 0;
		};
/* End PBXFrameworksBuildPhase section */

/* Begin PBXGroup section */
		A0FFFFF4 = {
			isa = PBXGroup;
			children = (
				A0FFFFF9 /* StillView - Simple Image Viewer */,
				A0FFFFF8 /* Products */,
			);
			sourceTree = "<group>";
		};
		A0FFFFF8 /* Products */ = {
			isa = PBXGroup;
			children = (
				A0FFFFFD /* StillView - Simple Image Viewer.app */,
			);
			name = Products;
			sourceTree = "<group>";
		};
		A0FFFFF9 /* StillView - Simple Image Viewer */ = {
			isa = PBXGroup;
			children = (
				A100000E /* App */,
				A100000D /* Models */,
				A100000C /* ViewModels */,
				A100000B /* Views */,
				A100000A /* Services */,
				A100004E /* Extensions */,
				A100001D /* Resources */,
				A1000006 /* Preview Content */,
				A1000009 /* Simple_Image_Viewer.entitlements */,
				A100009A /* PrivacyInfo.xcprivacy */,
			);
			path = "StillView - Simple Image Viewer";
			sourceTree = "<group>";
		};
		A1000006 /* Preview Content */ = {
			isa = PBXGroup;
			children = (
				A1000007 /* Preview Assets.xcassets */,
			);
			path = "Preview Content";
			sourceTree = "<group>";
		};
		A100000A /* Services */ = {
			isa = PBXGroup;
			children = (
				FB5D39032E355791004B9D85 /* ImageMetadataService.swift */,
				FB5D39052E35579D004B9D85 /* AccessibilityService.swift */,
				FBC4F84C2E35215F00AE62AA /* ErrorHandlingService.swift */,
				FBC4F84E2E35216900AE62AA /* KeyboardHandler.swift */,
				A1000017 /* ImageLoaderService.swift */,
				A1000019 /* FileSystemService.swift */,
				A100001B /* PreferencesService.swift */,
				A10000A9 /* SecurityScopedAccessManager.swift */,
			);
			path = Services;
			sourceTree = "<group>";
		};
		A100000B /* Views */ = {
			isa = PBXGroup;
			children = (
				FBA046072E36DBA8006F9C47 /* HelpView.swift */,
				A1000015 /* ImageDisplayView.swift */,
				A1000092 /* NavigationControlsView.swift */,
				A1000093 /* FolderSelectionView.swift */,
				A100009C /* ErrorDialogView.swift */,
				A100009D /* NotificationView.swift */,
				A100009E /* KeyCaptureViewRepresentable.swift */,
				A10000A7 /* AboutView.swift */,
			);
			path = Views;
			sourceTree = "<group>";
		};
		A100000C /* ViewModels */ = {
			isa = PBXGroup;
			children = (
				A1000013 /* ImageViewerViewModel.swift */,
				A1000094 /* FolderSelectionViewModel.swift */,
			);
			path = ViewModels;
			sourceTree = "<group>";
		};
		A100000D /* Models */ = {
			isa = PBXGroup;
			children = (
				FBA046092E36DC34006F9C47 /* HelpContent.swift */,
				A100000F /* ImageFile.swift */,
				A1000086 /* FolderContent.swift */,
				A100002D /* ImageViewerError.swift */,
				A1000011 /* FolderScanner.swift */,
				A1000089 /* ImageCache.swift */,
				A100008B /* ImageMemoryManager.swift */,
			);
			path = Models;
			sourceTree = "<group>";
		};
		A100000E /* App */ = {
			isa = PBXGroup;
			children = (
				A1000000 /* SimpleImageViewerApp.swift */,
				A1000002 /* ContentView.swift */,
				A10000A2 /* AppCoordinator.swift */,
				A10000A3 /* WindowAccessor.swift */,
			);
			path = App;
			sourceTree = "<group>";
		};
		A100001D /* Resources */ = {
			isa = PBXGroup;
			children = (
				A1000004 /* Assets.xcassets */,
				A100008D /* logo-horizontal.svg */,
				A100008F /* logo-vertical.svg */,
			);
			path = Resources;
			sourceTree = "<group>";
		};
		A100004E /* Extensions */ = {
			isa = PBXGroup;
			children = (
				A100004C /* UTType+ImageSupport.swift */,
				A1000091 /* Bundle+Resources.swift */,
			);
			path = Extensions;
			sourceTree = "<group>";
		};
/* End PBXGroup section */

/* Begin PBXNativeTarget section */
		A0FFFFFC /* StillView - Simple Image Viewer */ = {
			isa = PBXNativeTarget;
			buildConfigurationList = A100001E /* Build configuration list for PBXNativeTarget "StillView - Simple Image Viewer" */;
			buildPhases = (
				A0FFFFF7 /* Sources */,
				A0FFFFFA /* Frameworks */,
				A0FFFFFB /* Resources */,
			);
			buildRules = (
			);
			dependencies = (
			);
			name = "StillView - Simple Image Viewer";
			productName = "StillView - Simple Image Viewer";
			productReference = A0FFFFFD /* StillView - Simple Image Viewer.app */;
			productType = "com.apple.product-type.application";
		};
/* End PBXNativeTarget section */

/* Begin PBXProject section */
		A0FFFFF5 /* Project object */ = {
			isa = PBXProject;
			attributes = {
				BuildIndependentTargetsInParallel = 1;
				LastSwiftUpdateCheck = 1500;
				LastUpgradeCheck = 1640;
				TargetAttributes = {
					A0FFFFFC = {
						CreatedOnToolsVersion = 15.0;
					};
				};
			};
			buildConfigurationList = A0FFFFF6 /* Build configuration list for PBXProject "StillView - Simple Image Viewer" */;
			compatibilityVersion = "Xcode 14.0";
			developmentRegion = en;
			hasScannedForEncodings = 0;
			knownRegions = (
				en,
				Base,
			);
			mainGroup = A0FFFFF4;
			productRefGroup = A0FFFFF8 /* Products */;
			projectDirPath = "";
			projectRoot = "";
			targets = (
				A0FFFFFC /* StillView - Simple Image Viewer */,
			);
		};
/* End PBXProject section */

/* Begin PBXResourcesBuildPhase section */
		A0FFFFFB /* Resources */ = {
			isa = PBXResourcesBuildPhase;
			buildActionMask = 2147483647;
			files = (
				A1000008 /* Preview Assets.xcassets in Resources */,
				A1000005 /* Assets.xcassets in Resources */,
				A100008C /* logo-horizontal.svg in Resources */,
				A100008E /* logo-vertical.svg in Resources */,
				A100009B /* PrivacyInfo.xcprivacy in Resources */,
			);
			runOnlyForDeploymentPostprocessing = 0;
		};
/* End PBXResourcesBuildPhase section */

/* Begin PBXSourcesBuildPhase section */
		A0FFFFF7 /* Sources */ = {
			isa = PBXSourcesBuildPhase;
			buildActionMask = 2147483647;
			files = (
				A1000003 /* ContentView.swift in Sources */,
				A10000A4 /* AppCoordinator.swift in Sources */,
				A10000A5 /* WindowAccessor.swift in Sources */,
				A1000010 /* ImageFile.swift in Sources */,
				FB5D39062E35579D004B9D85 /* AccessibilityService.swift in Sources */,
				A1000087 /* FolderContent.swift in Sources */,
				A100002E /* ImageViewerError.swift in Sources */,
				FBA0460A2E36DC34006F9C47 /* HelpContent.swift in Sources */,
				A1000012 /* FolderScanner.swift in Sources */,
				A1000014 /* ImageViewerViewModel.swift in Sources */,
				A1000016 /* ImageDisplayView.swift in Sources */,
				A1000018 /* ImageLoaderService.swift in Sources */,
				A100001A /* FileSystemService.swift in Sources */,
				A100001C /* PreferencesService.swift in Sources */,
				FBA046082E36DBA8006F9C47 /* HelpView.swift in Sources */,
				A100004D /* UTType+ImageSupport.swift in Sources */,
				A1000088 /* ImageCache.swift in Sources */,
				A100008A /* ImageMemoryManager.swift in Sources */,
				A1000090 /* Bundle+Resources.swift in Sources */,
				A1000001 /* SimpleImageViewerApp.swift in Sources */,
				FBC4F84F2E35216900AE62AA /* KeyboardHandler.swift in Sources */,
				FB5D39042E355791004B9D85 /* ImageMetadataService.swift in Sources */,
				FBC4F84D2E35215F00AE62AA /* ErrorHandlingService.swift in Sources */,
				A1000095 /* NavigationControlsView.swift in Sources */,
				A1000096 /* FolderSelectionView.swift in Sources */,
				A1000097 /* FolderSelectionViewModel.swift in Sources */,
				A100009F /* ErrorDialogView.swift in Sources */,
				A10000A0 /* NotificationView.swift in Sources */,
				A10000A1 /* KeyCaptureViewRepresentable.swift in Sources */,
				A10000A6 /* AboutView.swift in Sources */,
				A10000A8 /* SecurityScopedAccessManager.swift in Sources */,
			);
			runOnlyForDeploymentPostprocessing = 0;
		};
/* End PBXSourcesBuildPhase section */

/* Begin XCBuildConfiguration section */
		A0FFFFBB /* Debug */ = {
			isa = XCBuildConfiguration;
			buildSettings = {
				ALWAYS_SEARCH_USER_PATHS = NO;
				ASSETCATALOG_COMPILER_GENERATE_SWIFT_ASSET_SYMBOL_EXTENSIONS = YES;
				CLANG_ANALYZER_NONNULL = YES;
				CLANG_ANALYZER_NUMBER_OBJECT_CONVERSION = YES_AGGRESSIVE;
				CLANG_CXX_LANGUAGE_STANDARD = "gnu++20";
				CLANG_ENABLE_MODULES = YES;
				CLANG_ENABLE_OBJC_ARC = YES;
				CLANG_ENABLE_OBJC_WEAK = YES;
				CLANG_WARN_BLOCK_CAPTURE_AUTORELEASING = YES;
				CLANG_WARN_BOOL_CONVERSION = YES;
				CLANG_WARN_COMMA = YES;
				CLANG_WARN_CONSTANT_CONVERSION = YES;
				CLANG_WARN_DEPRECATED_OBJC_IMPLEMENTATIONS = YES;
				CLANG_WARN_DIRECT_OBJC_ISA_USAGE = YES_ERROR;
				CLANG_WARN_DOCUMENTATION_COMMENTS = YES;
				CLANG_WARN_EMPTY_BODY = YES;
				CLANG_WARN_ENUM_CONVERSION = YES;
				CLANG_WARN_INFINITE_RECURSION = YES;
				CLANG_WARN_INT_CONVERSION = YES;
				CLANG_WARN_NON_LITERAL_NULL_CONVERSION = YES;
				CLANG_WARN_OBJC_IMPLICIT_RETAIN_SELF = YES;
				CLANG_WARN_OBJC_LITERAL_CONVERSION = YES;
				CLANG_WARN_OBJC_ROOT_CLASS = YES_ERROR;
				CLANG_WARN_QUOTED_INCLUDE_IN_FRAMEWORK_HEADER = YES;
				CLANG_WARN_RANGE_LOOP_ANALYSIS = YES;
				CLANG_WARN_STRICT_PROTOTYPES = YES;
				CLANG_WARN_SUSPICIOUS_MOVE = YES;
				CLANG_WARN_UNGUARDED_AVAILABILITY = YES_AGGRESSIVE;
				CLANG_WARN_UNREACHABLE_CODE = YES;
				CLANG_WARN__DUPLICATE_METHOD_MATCH = YES;
				COPY_PHASE_STRIP = NO;
				DEAD_CODE_STRIPPING = YES;
				DEBUG_INFORMATION_FORMAT = dwarf;
				DEVELOPMENT_TEAM = 52HVJ3VDSM;
				ENABLE_STRICT_OBJC_MSGSEND = YES;
				ENABLE_TESTABILITY = YES;
				ENABLE_USER_SCRIPT_SANDBOXING = YES;
				GCC_C_LANGUAGE_STANDARD = gnu17;
				GCC_DYNAMIC_NO_PIC = NO;
				GCC_NO_COMMON_BLOCKS = YES;
				GCC_OPTIMIZATION_LEVEL = 0;
				GCC_PREPROCESSOR_DEFINITIONS = (
					"DEBUG=1",
					"$(inherited)",
				);
				GCC_WARN_64_TO_32_BIT_CONVERSION = YES;
				GCC_WARN_ABOUT_RETURN_TYPE = YES_ERROR;
				GCC_WARN_UNDECLARED_SELECTOR = YES;
				GCC_WARN_UNINITIALIZED_AUTOS = YES_AGGRESSIVE;
				GCC_WARN_UNUSED_FUNCTION = YES;
				GCC_WARN_UNUSED_VARIABLE = YES;
				LOCALIZATION_PREFERS_STRING_CATALOGS = YES;
				MACOSX_DEPLOYMENT_TARGET = 14.6;
				MTL_ENABLE_DEBUG_INFO = INCLUDE_SOURCE;
				MTL_FAST_MATH = YES;
				ONLY_ACTIVE_ARCH = YES;
				SDKROOT = macosx;
				SWIFT_ACTIVE_COMPILATION_CONDITIONS = "DEBUG $(inherited)";
				SWIFT_OPTIMIZATION_LEVEL = "-Onone";
			};
			name = Debug;
		};
		A0FFFFCC /* Release */ = {
			isa = XCBuildConfiguration;
			buildSettings = {
				ALWAYS_SEARCH_USER_PATHS = NO;
				ASSETCATALOG_COMPILER_GENERATE_SWIFT_ASSET_SYMBOL_EXTENSIONS = YES;
				CLANG_ANALYZER_NONNULL = YES;
				CLANG_ANALYZER_NUMBER_OBJECT_CONVERSION = YES_AGGRESSIVE;
				CLANG_CXX_LANGUAGE_STANDARD = "gnu++20";
				CLANG_ENABLE_MODULES = YES;
				CLANG_ENABLE_OBJC_ARC = YES;
				CLANG_ENABLE_OBJC_WEAK = YES;
				CLANG_WARN_BLOCK_CAPTURE_AUTORELEASING = YES;
				CLANG_WARN_BOOL_CONVERSION = YES;
				CLANG_WARN_COMMA = YES;
				CLANG_WARN_CONSTANT_CONVERSION = YES;
				CLANG_WARN_DEPRECATED_OBJC_IMPLEMENTATIONS = YES;
				CLANG_WARN_DIRECT_OBJC_ISA_USAGE = YES_ERROR;
				CLANG_WARN_DOCUMENTATION_COMMENTS = YES;
				CLANG_WARN_EMPTY_BODY = YES;
				CLANG_WARN_ENUM_CONVERSION = YES;
				CLANG_WARN_INFINITE_RECURSION = YES;
				CLANG_WARN_INT_CONVERSION = YES;
				CLANG_WARN_NON_LITERAL_NULL_CONVERSION = YES;
				CLANG_WARN_OBJC_IMPLICIT_RETAIN_SELF = YES;
				CLANG_WARN_OBJC_LITERAL_CONVERSION = YES;
				CLANG_WARN_OBJC_ROOT_CLASS = YES_ERROR;
				CLANG_WARN_QUOTED_INCLUDE_IN_FRAMEWORK_HEADER = YES;
				CLANG_WARN_RANGE_LOOP_ANALYSIS = YES;
				CLANG_WARN_STRICT_PROTOTYPES = YES;
				CLANG_WARN_SUSPICIOUS_MOVE = YES;
				CLANG_WARN_UNGUARDED_AVAILABILITY = YES_AGGRESSIVE;
				CLANG_WARN_UNREACHABLE_CODE = YES;
				CLANG_WARN__DUPLICATE_METHOD_MATCH = YES;
				COPY_PHASE_STRIP = NO;
				DEAD_CODE_STRIPPING = YES;
				DEBUG_INFORMATION_FORMAT = "dwarf-with-dsym";
				DEVELOPMENT_TEAM = 52HVJ3VDSM;
				ENABLE_NS_ASSERTIONS = NO;
				ENABLE_STRICT_OBJC_MSGSEND = YES;
				ENABLE_USER_SCRIPT_SANDBOXING = YES;
				GCC_C_LANGUAGE_STANDARD = gnu17;
				GCC_NO_COMMON_BLOCKS = YES;
				GCC_WARN_64_TO_32_BIT_CONVERSION = YES;
				GCC_WARN_ABOUT_RETURN_TYPE = YES_ERROR;
				GCC_WARN_UNDECLARED_SELECTOR = YES;
				GCC_WARN_UNINITIALIZED_AUTOS = YES_AGGRESSIVE;
				GCC_WARN_UNUSED_FUNCTION = YES;
				GCC_WARN_UNUSED_VARIABLE = YES;
				LOCALIZATION_PREFERS_STRING_CATALOGS = YES;
				MACOSX_DEPLOYMENT_TARGET = 14.6;
				MTL_ENABLE_DEBUG_INFO = NO;
				MTL_FAST_MATH = YES;
				SDKROOT = macosx;
				SWIFT_COMPILATION_MODE = wholemodule;
			};
			name = Release;
		};
		A0FFFFDD /* Debug */ = {
			isa = XCBuildConfiguration;
			buildSettings = {
				ASSETCATALOG_COMPILER_APPICON_NAME = AppIcon;
				ASSETCATALOG_COMPILER_GLOBAL_ACCENT_COLOR_NAME = AccentColor;
				CODE_SIGN_ENTITLEMENTS = "StillView - Simple Image Viewer/Simple_Image_Viewer.entitlements";
				"CODE_SIGN_IDENTITY[sdk=macosx*]" = "Apple Development";
				CODE_SIGN_STYLE = Automatic;
				COMBINE_HIDPI_IMAGES = YES;
				CURRENT_PROJECT_VERSION = 4;
				DEAD_CODE_STRIPPING = YES;
				DEVELOPMENT_ASSET_PATHS = "\"StillView - Simple Image Viewer/Preview Content\"";
				ENABLE_HARDENED_RUNTIME = YES;
				ENABLE_PREVIEWS = YES;
				GENERATE_INFOPLIST_FILE = YES;
				INFOPLIST_KEY_CFBundleDisplayName = "StillView - Image Viewer";
				INFOPLIST_KEY_CFBundleDocumentTypes = "";
				INFOPLIST_KEY_CFBundleVersion = "$(CURRENT_PROJECT_VERSION)";
				INFOPLIST_KEY_LSApplicationCategoryType = "public.app-category.photography";
				INFOPLIST_KEY_LSMinimumSystemVersion = 12.0;
				INFOPLIST_KEY_NSContactsUsageDescription = "";
				INFOPLIST_KEY_NSHumanReadableCopyright = "Copyright © 2025 Vinny Carpenter. All rights reserved.";
				INFOPLIST_KEY_NSHumanReadableDescription = "A lightweight, distraction-free image viewer for macOS by Vinny Carpenter (https://vinny.dev). Source code available at https://github.com/vscarpenter/SimpleImageViewer";
				INFOPLIST_KEY_NSSupportsAutomaticTermination = YES;
				INFOPLIST_KEY_NSSupportsSuddenTermination = YES;
				LD_RUNPATH_SEARCH_PATHS = (
					"$(inherited)",
					"@executable_path/../Frameworks",
				);
				MACOSX_DEPLOYMENT_TARGET = 12.0;
				MARKETING_VERSION = 1.0;
				PRODUCT_BUNDLE_IDENTIFIER = "com.vinny.StillView-Image-Viewer";
				PRODUCT_NAME = "$(TARGET_NAME)";
				SWIFT_EMIT_LOC_STRINGS = YES;
				SWIFT_VERSION = 5.0;
			};
			name = Debug;
		};
		A0FFFFEE /* Release */ = {
			isa = XCBuildConfiguration;
			buildSettings = {
				ASSETCATALOG_COMPILER_APPICON_NAME = AppIcon;
				ASSETCATALOG_COMPILER_GLOBAL_ACCENT_COLOR_NAME = AccentColor;
				CODE_SIGN_ENTITLEMENTS = "StillView - Simple Image Viewer/Simple_Image_Viewer.entitlements";
				"CODE_SIGN_IDENTITY[sdk=macosx*]" = "Developer ID Application";
				CODE_SIGN_STYLE = Manual;
				COMBINE_HIDPI_IMAGES = YES;
				CURRENT_PROJECT_VERSION = 4;
				DEAD_CODE_STRIPPING = YES;
				DEVELOPMENT_ASSET_PATHS = "\"StillView - Simple Image Viewer/Preview Content\"";
				ENABLE_HARDENED_RUNTIME = YES;
				ENABLE_PREVIEWS = YES;
				GENERATE_INFOPLIST_FILE = YES;
				INFOPLIST_KEY_CFBundleDisplayName = "StillView - Image Viewer";
				INFOPLIST_KEY_CFBundleDocumentTypes = "";
				INFOPLIST_KEY_CFBundleVersion = "$(CURRENT_PROJECT_VERSION)";
				INFOPLIST_KEY_LSApplicationCategoryType = "public.app-category.photography";
				INFOPLIST_KEY_LSMinimumSystemVersion = 12.0;
				INFOPLIST_KEY_NSContactsUsageDescription = "";
				INFOPLIST_KEY_NSHumanReadableCopyright = "Copyright © 2025 Vinny Carpenter. All rights reserved.";
				INFOPLIST_KEY_NSHumanReadableDescription = "A lightweight, distraction-free image viewer for macOS by Vinny Carpenter (https://vinny.dev). Source code available at https://github.com/vscarpenter/SimpleImageViewer";
				INFOPLIST_KEY_NSSupportsAutomaticTermination = YES;
				INFOPLIST_KEY_NSSupportsSuddenTermination = YES;
				LD_RUNPATH_SEARCH_PATHS = (
					"$(inherited)",
					"@executable_path/../Frameworks",
				);
				MACOSX_DEPLOYMENT_TARGET = 12.0;
				MARKETING_VERSION = 1.0;
				PRODUCT_BUNDLE_IDENTIFIER = "com.vinny.StillView-Image-Viewer";
				PRODUCT_NAME = "$(TARGET_NAME)";
				SWIFT_EMIT_LOC_STRINGS = YES;
				SWIFT_VERSION = 5.0;
			};
			name = Release;
		};
/* End XCBuildConfiguration section */

/* Begin XCConfigurationList section */
		A0FFFFF6 /* Build configuration list for PBXProject "StillView - Simple Image Viewer" */ = {
			isa = XCConfigurationList;
			buildConfigurations = (
				A0FFFFBB /* Debug */,
				A0FFFFCC /* Release */,
			);
			defaultConfigurationIsVisible = 0;
			defaultConfigurationName = Release;
		};
		A100001E /* Build configuration list for PBXNativeTarget "StillView - Simple Image Viewer" */ = {
			isa = XCConfigurationList;
			buildConfigurations = (
				A0FFFFDD /* Debug */,
				A0FFFFEE /* Release */,
			);
			defaultConfigurationIsVisible = 0;
			defaultConfigurationName = Release;
		};
/* End XCConfigurationList section */
	};
	rootObject = A0FFFFF5 /* Project object */;
}
